
Microsoft Visual Studio Solution File, Format Version 12.00
# Visual Studio Version 17
VisualStudioVersion = 17.7.34024.191
MinimumVisualStudioVersion = 10.0.40219.1
Project("{FAE04EC0-301F-11D3-BF4B-00C04F79EFBC}") = "K_Burns_Assessment_2", "K_Burns_Assessment_2\K_Burns_Assessment_2.csproj", "{F0B3A555-D08F-4925-949C-BF7ADCA1BA9C}"
EndProject
Global
	GlobalSection(SolutionConfigurationPlatforms) = preSolution
		Debug|Any CPU = Debug|Any CPU
		Release|Any CPU = Release|Any CPU
	EndGlobalSection
	GlobalSection(ProjectConfigurationPlatforms) = postSolution
		{F0B3A555-D08F-4925-949C-BF7ADCA1BA9C}.Debug|Any CPU.ActiveCfg = Debug|Any CPU
		{F0B3A555-D08F-4925-949C-BF7ADCA1BA9C}.Debug|Any CPU.Build.0 = Debug|Any CPU
		{F0B3A555-D08F-4925-949C-BF7ADCA1BA9C}.Release|Any CPU.ActiveCfg = Release|Any CPU
		{F0B3A555-D08F-4925-949C-BF7ADCA1BA9C}.Release|Any CPU.Build.0 = Release|Any CPU
	EndGlobalSection
	GlobalSection(SolutionProperties) = preSolution
		HideSolutionNode = FALSE
	EndGlobalSection
	GlobalSection(ExtensibilityGlobals) = postSolution
		SolutionGuid = {48154717-F440-4169-9568-B5B76390845E}
	EndGlobalSection
EndGlobal
